
Microsoft Visual Studio Solution File, Format Version 12.00
# Visual Studio Version 17
VisualStudioVersion = 17.0.31903.59
MinimumVisualStudioVersion = 10.0.40219.1
Project("{FAE04EC0-301F-11D3-BF4B-00C04F79EFBC}") = "BlazorGitHubTest.App", "BlazorGitHubTest.App\BlazorGitHubTest.App.csproj", "{24F3F71A-5C00-4F9E-B107-3DED9253B268}"
EndProject
Project("{FAE04EC0-301F-11D3-BF4B-00C04F79EFBC}") = "BlazorGitHubTest.Tests", "BlazorGitHubTest.Tests\BlazorGitHubTest.Tests.csproj", "{C244696C-5939-4E70-9FF3-9C0C3873F7F6}"
EndProject
Global
	GlobalSection(SolutionConfigurationPlatforms) = preSolution
		Debug|Any CPU = Debug|Any CPU
		Debug|x64 = Debug|x64
		Debug|x86 = Debug|x86
		Release|Any CPU = Release|Any CPU
		Release|x64 = Release|x64
		Release|x86 = Release|x86
	EndGlobalSection
	GlobalSection(ProjectConfigurationPlatforms) = postSolution
		{24F3F71A-5C00-4F9E-B107-3DED9253B268}.Debug|Any CPU.ActiveCfg = Debug|Any CPU
		{24F3F71A-5C00-4F9E-B107-3DED9253B268}.Debug|Any CPU.Build.0 = Debug|Any CPU
		{24F3F71A-5C00-4F9E-B107-3DED9253B268}.Debug|x64.ActiveCfg = Debug|Any CPU
		{24F3F71A-5C00-4F9E-B107-3DED9253B268}.Debug|x64.Build.0 = Debug|Any CPU
		{24F3F71A-5C00-4F9E-B107-3DED9253B268}.Debug|x86.ActiveCfg = Debug|Any CPU
		{24F3F71A-5C00-4F9E-B107-3DED9253B268}.Debug|x86.Build.0 = Debug|Any CPU
		{24F3F71A-5C00-4F9E-B107-3DED9253B268}.Release|Any CPU.ActiveCfg = Release|Any CPU
		{24F3F71A-5C00-4F9E-B107-3DED9253B268}.Release|Any CPU.Build.0 = Release|Any CPU
		{24F3F71A-5C00-4F9E-B107-3DED9253B268}.Release|x64.ActiveCfg = Release|Any CPU
		{24F3F71A-5C00-4F9E-B107-3DED9253B268}.Release|x64.Build.0 = Release|Any CPU
		{24F3F71A-5C00-4F9E-B107-3DED9253B268}.Release|x86.ActiveCfg = Release|Any CPU
		{24F3F71A-5C00-4F9E-B107-3DED9253B268}.Release|x86.Build.0 = Release|Any CPU
		{C244696C-5939-4E70-9FF3-9C0C3873F7F6}.Debug|Any CPU.ActiveCfg = Debug|Any CPU
		{C244696C-5939-4E70-9FF3-9C0C3873F7F6}.Debug|Any CPU.Build.0 = Debug|Any CPU
		{C244696C-5939-4E70-9FF3-9C0C3873F7F6}.Debug|x64.ActiveCfg = Debug|Any CPU
		{C244696C-5939-4E70-9FF3-9C0C3873F7F6}.Debug|x64.Build.0 = Debug|Any CPU
		{C244696C-5939-4E70-9FF3-9C0C3873F7F6}.Debug|x86.ActiveCfg = Debug|Any CPU
		{C244696C-5939-4E70-9FF3-9C0C3873F7F6}.Debug|x86.Build.0 = Debug|Any CPU
		{C244696C-5939-4E70-9FF3-9C0C3873F7F6}.Release|Any CPU.ActiveCfg = Release|Any CPU
		{C244696C-5939-4E70-9FF3-9C0C3873F7F6}.Release|Any CPU.Build.0 = Release|Any CPU
		{C244696C-5939-4E70-9FF3-9C0C3873F7F6}.Release|x64.ActiveCfg = Release|Any CPU
		{C244696C-5939-4E70-9FF3-9C0C3873F7F6}.Release|x64.Build.0 = Release|Any CPU
		{C244696C-5939-4E70-9FF3-9C0C3873F7F6}.Release|x86.ActiveCfg = Release|Any CPU
		{C244696C-5939-4E70-9FF3-9C0C3873F7F6}.Release|x86.Build.0 = Release|Any CPU
	EndGlobalSection
	GlobalSection(SolutionProperties) = preSolution
		HideSolutionNode = FALSE
	EndGlobalSection
EndGlobal
